// !$*UTF8*$!
{
	archiveVersion = 1;
	classes = {
	};
	objectVersion = 50;
	objects = {

/* Begin PBXBuildFile section */
		3F42BEF12634126D006CB71A /* ASimageViewController.m in Sources */ = {isa = PBXBuildFile; fileRef = 3F42BEF02634126D006CB71A /* ASimageViewController.m */; };
		3F42BEF7263412AD006CB71A /* ASDetailsViewController.m in Sources */ = {isa = PBXBuildFile; fileRef = 3F42BEF6263412AD006CB71A /* ASDetailsViewController.m */; };
		3F42BF0026341AD7006CB71A /* ASAutoMobileViewController.m in Sources */ = {isa = PBXBuildFile; fileRef = 3F42BEFF26341AD7006CB71A /* ASAutoMobileViewController.m */; };
		3F68AD82262AD4500020B8FC /* AppDelegate.m in Sources */ = {isa = PBXBuildFile; fileRef = 3F68AD81262AD4500020B8FC /* AppDelegate.m */; };
		3F68AD85262AD4500020B8FC /* SceneDelegate.m in Sources */ = {isa = PBXBuildFile; fileRef = 3F68AD84262AD4500020B8FC /* SceneDelegate.m */; };
		3F68AD8B262AD4500020B8FC /* Main.storyboard in Resources */ = {isa = PBXBuildFile; fileRef = 3F68AD89262AD4500020B8FC /* Main.storyboard */; };
		3F68AD8D262AD45B0020B8FC /* Assets.xcassets in Resources */ = {isa = PBXBuildFile; fileRef = 3F68AD8C262AD45B0020B8FC /* Assets.xcassets */; };
		3F68AD90262AD45B0020B8FC /* LaunchScreen.storyboard in Resources */ = {isa = PBXBuildFile; fileRef = 3F68AD8E262AD45B0020B8FC /* LaunchScreen.storyboard */; };
		3F68AD93262AD45B0020B8FC /* main.m in Sources */ = {isa = PBXBuildFile; fileRef = 3F68AD92262AD45B0020B8FC /* main.m */; };
		3F68AD9D262AD45B0020B8FC /* final_abdallahTests.m in Sources */ = {isa = PBXBuildFile; fileRef = 3F68AD9C262AD45B0020B8FC /* final_abdallahTests.m */; };
		3F68ADA8262AD45B0020B8FC /* final_abdallahUITests.m in Sources */ = {isa = PBXBuildFile; fileRef = 3F68ADA7262AD45B0020B8FC /* final_abdallahUITests.m */; };
		3F68ADC6262ADAF10020B8FC /* ASEngine.m in Sources */ = {isa = PBXBuildFile; fileRef = 3F68ADC5262ADAF10020B8FC /* ASEngine.m */; };
		3F68ADD7262AE7940020B8FC /* ASAutoMobile.m in Sources */ = {isa = PBXBuildFile; fileRef = 3F68ADD6262AE7940020B8FC /* ASAutoMobile.m */; };
		3F68ADDD262AEDD30020B8FC /* ASVehicle.m in Sources */ = {isa = PBXBuildFile; fileRef = 3F68ADDC262AEDD30020B8FC /* ASVehicle.m */; };
		3F68ADEC262AF2990020B8FC /* ASMotorCycle.m in Sources */ = {isa = PBXBuildFile; fileRef = 3F68ADEB262AF2990020B8FC /* ASMotorCycle.m */; };
		3F68ADF2262AF50F0020B8FC /* ASCar.m in Sources */ = {isa = PBXBuildFile; fileRef = 3F68ADF1262AF50F0020B8FC /* ASCar.m */; };
		3F88BBCC262C1767005CF094 /* ASTruck.m in Sources */ = {isa = PBXBuildFile; fileRef = 3F88BBCB262C1767005CF094 /* ASTruck.m */; };
/* End PBXBuildFile section */

/* Begin PBXContainerItemProxy section */
		3F68AD99262AD45B0020B8FC /* PBXContainerItemProxy */ = {
			isa = PBXContainerItemProxy;
			containerPortal = 3F68AD75262AD4500020B8FC /* Project object */;
			proxyType = 1;
			remoteGlobalIDString = 3F68AD7C262AD4500020B8FC;
			remoteInfo = final_abdallah;
		};
		3F68ADA4262AD45B0020B8FC /* PBXContainerItemProxy */ = {
			isa = PBXContainerItemProxy;
			containerPortal = 3F68AD75262AD4500020B8FC /* Project object */;
			proxyType = 1;
			remoteGlobalIDString = 3F68AD7C262AD4500020B8FC;
			remoteInfo = final_abdallah;
		};
/* End PBXContainerItemProxy section */

/* Begin PBXFileReference section */
		3F42BEEF2634126D006CB71A /* ASimageViewController.h */ = {isa = PBXFileReference; lastKnownFileType = sourcecode.c.h; path = ASimageViewController.h; sourceTree = "<group>"; };
		3F42BEF02634126D006CB71A /* ASimageViewController.m */ = {isa = PBXFileReference; lastKnownFileType = sourcecode.c.objc; path = ASimageViewController.m; sourceTree = "<group>"; };
		3F42BEF5263412AD006CB71A /* ASDetailsViewController.h */ = {isa = PBXFileReference; lastKnownFileType = sourcecode.c.h; path = ASDetailsViewController.h; sourceTree = "<group>"; };
		3F42BEF6263412AD006CB71A /* ASDetailsViewController.m */ = {isa = PBXFileReference; lastKnownFileType = sourcecode.c.objc; path = ASDetailsViewController.m; sourceTree = "<group>"; };
		3F42BEFE26341AD7006CB71A /* ASAutoMobileViewController.h */ = {isa = PBXFileReference; lastKnownFileType = sourcecode.c.h; path = ASAutoMobileViewController.h; sourceTree = "<group>"; };
		3F42BEFF26341AD7006CB71A /* ASAutoMobileViewController.m */ = {isa = PBXFileReference; lastKnownFileType = sourcecode.c.objc; path = ASAutoMobileViewController.m; sourceTree = "<group>"; };
		3F68AD7D262AD4500020B8FC /* final_abdallah.app */ = {isa = PBXFileReference; explicitFileType = wrapper.application; includeInIndex = 0; path = final_abdallah.app; sourceTree = BUILT_PRODUCTS_DIR; };
		3F68AD80262AD4500020B8FC /* AppDelegate.h */ = {isa = PBXFileReference; lastKnownFileType = sourcecode.c.h; path = AppDelegate.h; sourceTree = "<group>"; };
		3F68AD81262AD4500020B8FC /* AppDelegate.m */ = {isa = PBXFileReference; lastKnownFileType = sourcecode.c.objc; path = AppDelegate.m; sourceTree = "<group>"; };
		3F68AD83262AD4500020B8FC /* SceneDelegate.h */ = {isa = PBXFileReference; lastKnownFileType = sourcecode.c.h; path = SceneDelegate.h; sourceTree = "<group>"; };
		3F68AD84262AD4500020B8FC /* SceneDelegate.m */ = {isa = PBXFileReference; lastKnownFileType = sourcecode.c.objc; path = SceneDelegate.m; sourceTree = "<group>"; };
		3F68AD8A262AD4500020B8FC /* Base */ = {isa = PBXFileReference; lastKnownFileType = file.storyboard; name = Base; path = Base.lproj/Main.storyboard; sourceTree = "<group>"; };
		3F68AD8C262AD45B0020B8FC /* Assets.xcassets */ = {isa = PBXFileReference; lastKnownFileType = folder.assetcatalog; path = Assets.xcassets; sourceTree = "<group>"; };
		3F68AD8F262AD45B0020B8FC /* Base */ = {isa = PBXFileReference; lastKnownFileType = file.storyboard; name = Base; path = Base.lproj/LaunchScreen.storyboard; sourceTree = "<group>"; };
		3F68AD91262AD45B0020B8FC /* Info.plist */ = {isa = PBXFileReference; lastKnownFileType = text.plist.xml; path = Info.plist; sourceTree = "<group>"; };
		3F68AD92262AD45B0020B8FC /* main.m */ = {isa = PBXFileReference; lastKnownFileType = sourcecode.c.objc; path = main.m; sourceTree = "<group>"; };
		3F68AD98262AD45B0020B8FC /* final_abdallahTests.xctest */ = {isa = PBXFileReference; explicitFileType = wrapper.cfbundle; includeInIndex = 0; path = final_abdallahTests.xctest; sourceTree = BUILT_PRODUCTS_DIR; };
		3F68AD9C262AD45B0020B8FC /* final_abdallahTests.m */ = {isa = PBXFileReference; lastKnownFileType = sourcecode.c.objc; path = final_abdallahTests.m; sourceTree = "<group>"; };
		3F68AD9E262AD45B0020B8FC /* Info.plist */ = {isa = PBXFileReference; lastKnownFileType = text.plist.xml; path = Info.plist; sourceTree = "<group>"; };
		3F68ADA3262AD45B0020B8FC /* final_abdallahUITests.xctest */ = {isa = PBXFileReference; explicitFileType = wrapper.cfbundle; includeInIndex = 0; path = final_abdallahUITests.xctest; sourceTree = BUILT_PRODUCTS_DIR; };
		3F68ADA7262AD45B0020B8FC /* final_abdallahUITests.m */ = {isa = PBXFileReference; lastKnownFileType = sourcecode.c.objc; path = final_abdallahUITests.m; sourceTree = "<group>"; };
		3F68ADA9262AD45B0020B8FC /* Info.plist */ = {isa = PBXFileReference; lastKnownFileType = text.plist.xml; path = Info.plist; sourceTree = "<group>"; };
		3F68ADC4262ADAF10020B8FC /* ASEngine.h */ = {isa = PBXFileReference; lastKnownFileType = sourcecode.c.h; path = ASEngine.h; sourceTree = "<group>"; };
		3F68ADC5262ADAF10020B8FC /* ASEngine.m */ = {isa = PBXFileReference; lastKnownFileType = sourcecode.c.objc; path = ASEngine.m; sourceTree = "<group>"; };
		3F68ADCA262ADF840020B8FC /* FuelType.h */ = {isa = PBXFileReference; lastKnownFileType = sourcecode.c.h; path = FuelType.h; sourceTree = "<group>"; };
		3F68ADCB262ADFCF0020B8FC /* GearType.h */ = {isa = PBXFileReference; lastKnownFileType = sourcecode.c.h; path = GearType.h; sourceTree = "<group>"; };
		3F68ADD5262AE7940020B8FC /* ASAutoMobile.h */ = {isa = PBXFileReference; lastKnownFileType = sourcecode.c.h; path = ASAutoMobile.h; sourceTree = "<group>"; };
		3F68ADD6262AE7940020B8FC /* ASAutoMobile.m */ = {isa = PBXFileReference; lastKnownFileType = sourcecode.c.objc; path = ASAutoMobile.m; sourceTree = "<group>"; };
		3F68ADDB262AEDD30020B8FC /* ASVehicle.h */ = {isa = PBXFileReference; lastKnownFileType = sourcecode.c.h; path = ASVehicle.h; sourceTree = "<group>"; };
		3F68ADDC262AEDD30020B8FC /* ASVehicle.m */ = {isa = PBXFileReference; lastKnownFileType = sourcecode.c.objc; path = ASVehicle.m; sourceTree = "<group>"; };
		3F68ADEA262AF2990020B8FC /* ASMotorCycle.h */ = {isa = PBXFileReference; lastKnownFileType = sourcecode.c.h; path = ASMotorCycle.h; sourceTree = "<group>"; };
		3F68ADEB262AF2990020B8FC /* ASMotorCycle.m */ = {isa = PBXFileReference; lastKnownFileType = sourcecode.c.objc; path = ASMotorCycle.m; sourceTree = "<group>"; };
		3F68ADF0262AF50F0020B8FC /* ASCar.h */ = {isa = PBXFileReference; lastKnownFileType = sourcecode.c.h; path = ASCar.h; sourceTree = "<group>"; };
		3F68ADF1262AF50F0020B8FC /* ASCar.m */ = {isa = PBXFileReference; lastKnownFileType = sourcecode.c.objc; path = ASCar.m; sourceTree = "<group>"; };
		3F88BBCA262C1767005CF094 /* ASTruck.h */ = {isa = PBXFileReference; lastKnownFileType = sourcecode.c.h; path = ASTruck.h; sourceTree = "<group>"; };
		3F88BBCB262C1767005CF094 /* ASTruck.m */ = {isa = PBXFileReference; lastKnownFileType = sourcecode.c.objc; path = ASTruck.m; sourceTree = "<group>"; };
/* End PBXFileReference section */

/* Begin PBXFrameworksBuildPhase section */
		3F68AD7A262AD4500020B8FC /* Frameworks */ = {
			isa = PBXFrameworksBuildPhase;
			buildActionMask = 2147483647;
			files = (
			);
			runOnlyForDeploymentPostprocessing = 0;
		};
		3F68AD95262AD45B0020B8FC /* Frameworks */ = {
			isa = PBXFrameworksBuildPhase;
			buildActionMask = 2147483647;
			files = (
			);
			runOnlyForDeploymentPostprocessing = 0;
		};
		3F68ADA0262AD45B0020B8FC /* Frameworks */ = {
			isa = PBXFrameworksBuildPhase;
			buildActionMask = 2147483647;
			files = (
			);
			runOnlyForDeploymentPostprocessing = 0;
		};
/* End PBXFrameworksBuildPhase section */

/* Begin PBXGroup section */
		3F68AD74262AD4500020B8FC = {
			isa = PBXGroup;
			children = (
				3F68AD7F262AD4500020B8FC /* final_abdallah */,
				3F68AD9B262AD45B0020B8FC /* final_abdallahTests */,
				3F68ADA6262AD45B0020B8FC /* final_abdallahUITests */,
				3F68AD7E262AD4500020B8FC /* Products */,
			);
			sourceTree = "<group>";
		};
		3F68AD7E262AD4500020B8FC /* Products */ = {
			isa = PBXGroup;
			children = (
				3F68AD7D262AD4500020B8FC /* final_abdallah.app */,
				3F68AD98262AD45B0020B8FC /* final_abdallahTests.xctest */,
				3F68ADA3262AD45B0020B8FC /* final_abdallahUITests.xctest */,
			);
			name = Products;
			sourceTree = "<group>";
		};
		3F68AD7F262AD4500020B8FC /* final_abdallah */ = {
			isa = PBXGroup;
			children = (
				3F68AD80262AD4500020B8FC /* AppDelegate.h */,
				3F68AD81262AD4500020B8FC /* AppDelegate.m */,
				3F68AD83262AD4500020B8FC /* SceneDelegate.h */,
				3F68AD84262AD4500020B8FC /* SceneDelegate.m */,
				3F68AD89262AD4500020B8FC /* Main.storyboard */,
				3F68AD8C262AD45B0020B8FC /* Assets.xcassets */,
				3F68AD8E262AD45B0020B8FC /* LaunchScreen.storyboard */,
				3F68AD91262AD45B0020B8FC /* Info.plist */,
				3F68AD92262AD45B0020B8FC /* main.m */,
				3F68ADC4262ADAF10020B8FC /* ASEngine.h */,
				3F68ADC5262ADAF10020B8FC /* ASEngine.m */,
				3F68ADCA262ADF840020B8FC /* FuelType.h */,
				3F68ADCB262ADFCF0020B8FC /* GearType.h */,
				3F68ADD5262AE7940020B8FC /* ASAutoMobile.h */,
				3F68ADD6262AE7940020B8FC /* ASAutoMobile.m */,
				3F68ADDB262AEDD30020B8FC /* ASVehicle.h */,
				3F68ADDC262AEDD30020B8FC /* ASVehicle.m */,
				3F68ADEA262AF2990020B8FC /* ASMotorCycle.h */,
				3F68ADEB262AF2990020B8FC /* ASMotorCycle.m */,
				3F68ADF0262AF50F0020B8FC /* ASCar.h */,
				3F68ADF1262AF50F0020B8FC /* ASCar.m */,
				3F88BBCA262C1767005CF094 /* ASTruck.h */,
				3F88BBCB262C1767005CF094 /* ASTruck.m */,
				3F42BEEF2634126D006CB71A /* ASimageViewController.h */,
				3F42BEF02634126D006CB71A /* ASimageViewController.m */,
				3F42BEF5263412AD006CB71A /* ASDetailsViewController.h */,
				3F42BEF6263412AD006CB71A /* ASDetailsViewController.m */,
				3F42BEFE26341AD7006CB71A /* ASAutoMobileViewController.h */,
				3F42BEFF26341AD7006CB71A /* ASAutoMobileViewController.m */,
			);
			path = final_abdallah;
			sourceTree = "<group>";
		};
		3F68AD9B262AD45B0020B8FC /* final_abdallahTests */ = {
			isa = PBXGroup;
			children = (
				3F68AD9C262AD45B0020B8FC /* final_abdallahTests.m */,
				3F68AD9E262AD45B0020B8FC /* Info.plist */,
			);
			path = final_abdallahTests;
			sourceTree = "<group>";
		};
		3F68ADA6262AD45B0020B8FC /* final_abdallahUITests */ = {
			isa = PBXGroup;
			children = (
				3F68ADA7262AD45B0020B8FC /* final_abdallahUITests.m */,
				3F68ADA9262AD45B0020B8FC /* Info.plist */,
			);
			path = final_abdallahUITests;
			sourceTree = "<group>";
		};
/* End PBXGroup section */

/* Begin PBXNativeTarget section */
		3F68AD7C262AD4500020B8FC /* final_abdallah */ = {
			isa = PBXNativeTarget;
			buildConfigurationList = 3F68ADAC262AD45B0020B8FC /* Build configuration list for PBXNativeTarget "final_abdallah" */;
			buildPhases = (
				3F68AD79262AD4500020B8FC /* Sources */,
				3F68AD7A262AD4500020B8FC /* Frameworks */,
				3F68AD7B262AD4500020B8FC /* Resources */,
			);
			buildRules = (
			);
			dependencies = (
			);
			name = final_abdallah;
			productName = final_abdallah;
			productReference = 3F68AD7D262AD4500020B8FC /* final_abdallah.app */;
			productType = "com.apple.product-type.application";
		};
		3F68AD97262AD45B0020B8FC /* final_abdallahTests */ = {
			isa = PBXNativeTarget;
			buildConfigurationList = 3F68ADAF262AD45B0020B8FC /* Build configuration list for PBXNativeTarget "final_abdallahTests" */;
			buildPhases = (
				3F68AD94262AD45B0020B8FC /* Sources */,
				3F68AD95262AD45B0020B8FC /* Frameworks */,
				3F68AD96262AD45B0020B8FC /* Resources */,
			);
			buildRules = (
			);
			dependencies = (
				3F68AD9A262AD45B0020B8FC /* PBXTargetDependency */,
			);
			name = final_abdallahTests;
			productName = final_abdallahTests;
			productReference = 3F68AD98262AD45B0020B8FC /* final_abdallahTests.xctest */;
			productType = "com.apple.product-type.bundle.unit-test";
		};
		3F68ADA2262AD45B0020B8FC /* final_abdallahUITests */ = {
			isa = PBXNativeTarget;
			buildConfigurationList = 3F68ADB2262AD45B0020B8FC /* Build configuration list for PBXNativeTarget "final_abdallahUITests" */;
			buildPhases = (
				3F68AD9F262AD45B0020B8FC /* Sources */,
				3F68ADA0262AD45B0020B8FC /* Frameworks */,
				3F68ADA1262AD45B0020B8FC /* Resources */,
			);
			buildRules = (
			);
			dependencies = (
				3F68ADA5262AD45B0020B8FC /* PBXTargetDependency */,
			);
			name = final_abdallahUITests;
			productName = final_abdallahUITests;
			productReference = 3F68ADA3262AD45B0020B8FC /* final_abdallahUITests.xctest */;
			productType = "com.apple.product-type.bundle.ui-testing";
		};
/* End PBXNativeTarget section */

/* Begin PBXProject section */
		3F68AD75262AD4500020B8FC /* Project object */ = {
			isa = PBXProject;
			attributes = {
				LastUpgradeCheck = 1240;
				TargetAttributes = {
					3F68AD7C262AD4500020B8FC = {
						CreatedOnToolsVersion = 12.4;
					};
					3F68AD97262AD45B0020B8FC = {
						CreatedOnToolsVersion = 12.4;
						TestTargetID = 3F68AD7C262AD4500020B8FC;
					};
					3F68ADA2262AD45B0020B8FC = {
						CreatedOnToolsVersion = 12.4;
						TestTargetID = 3F68AD7C262AD4500020B8FC;
					};
				};
			};
			buildConfigurationList = 3F68AD78262AD4500020B8FC /* Build configuration list for PBXProject "final_abdallah" */;
			compatibilityVersion = "Xcode 9.3";
			developmentRegion = en;
			hasScannedForEncodings = 0;
			knownRegions = (
				en,
				Base,
			);
			mainGroup = 3F68AD74262AD4500020B8FC;
			productRefGroup = 3F68AD7E262AD4500020B8FC /* Products */;
			projectDirPath = "";
			projectRoot = "";
			targets = (
				3F68AD7C262AD4500020B8FC /* final_abdallah */,
				3F68AD97262AD45B0020B8FC /* final_abdallahTests */,
				3F68ADA2262AD45B0020B8FC /* final_abdallahUITests */,
			);
		};
/* End PBXProject section */

/* Begin PBXResourcesBuildPhase section */
		3F68AD7B262AD4500020B8FC /* Resources */ = {
			isa = PBXResourcesBuildPhase;
			buildActionMask = 2147483647;
			files = (
				3F68AD90262AD45B0020B8FC /* LaunchScreen.storyboard in Resources */,
				3F68AD8D262AD45B0020B8FC /* Assets.xcassets in Resources */,
				3F68AD8B262AD4500020B8FC /* Main.storyboard in Resources */,
			);
			runOnlyForDeploymentPostprocessing = 0;
		};
		3F68AD96262AD45B0020B8FC /* Resources */ = {
			isa = PBXResourcesBuildPhase;
			buildActionMask = 2147483647;
			files = (
			);
			runOnlyForDeploymentPostprocessing = 0;
		};
		3F68ADA1262AD45B0020B8FC /* Resources */ = {
			isa = PBXResourcesBuildPhase;
			buildActionMask = 2147483647;
			files = (
			);
			runOnlyForDeploymentPostprocessing = 0;
		};
/* End PBXResourcesBuildPhase section */

/* Begin PBXSourcesBuildPhase section */
		3F68AD79262AD4500020B8FC /* Sources */ = {
			isa = PBXSourcesBuildPhase;
			buildActionMask = 2147483647;
			files = (
				3F68ADF2262AF50F0020B8FC /* ASCar.m in Sources */,
				3F88BBCC262C1767005CF094 /* ASTruck.m in Sources */,
				3F42BEF12634126D006CB71A /* ASimageViewController.m in Sources */,
				3F42BF0026341AD7006CB71A /* ASAutoMobileViewController.m in Sources */,
				3F68ADD7262AE7940020B8FC /* ASAutoMobile.m in Sources */,
				3F68AD82262AD4500020B8FC /* AppDelegate.m in Sources */,
				3F68AD93262AD45B0020B8FC /* main.m in Sources */,
				3F68ADDD262AEDD30020B8FC /* ASVehicle.m in Sources */,
				3F68AD85262AD4500020B8FC /* SceneDelegate.m in Sources */,
				3F42BEF7263412AD006CB71A /* ASDetailsViewController.m in Sources */,
				3F68ADEC262AF2990020B8FC /* ASMotorCycle.m in Sources */,
				3F68ADC6262ADAF10020B8FC /* ASEngine.m in Sources */,
			);
			runOnlyForDeploymentPostprocessing = 0;
		};
		3F68AD94262AD45B0020B8FC /* Sources */ = {
			isa = PBXSourcesBuildPhase;
			buildActionMask = 2147483647;
			files = (
				3F68AD9D262AD45B0020B8FC /* final_abdallahTests.m in Sources */,
			);
			runOnlyForDeploymentPostprocessing = 0;
		};
		3F68AD9F262AD45B0020B8FC /* Sources */ = {
			isa = PBXSourcesBuildPhase;
			buildActionMask = 2147483647;
			files = (
				3F68ADA8262AD45B0020B8FC /* final_abdallahUITests.m in Sources */,
			);
			runOnlyForDeploymentPostprocessing = 0;
		};
/* End PBXSourcesBuildPhase section */

/* Begin PBXTargetDependency section */
		3F68AD9A262AD45B0020B8FC /* PBXTargetDependency */ = {
			isa = PBXTargetDependency;
			target = 3F68AD7C262AD4500020B8FC /* final_abdallah */;
			targetProxy = 3F68AD99262AD45B0020B8FC /* PBXContainerItemProxy */;
		};
		3F68ADA5262AD45B0020B8FC /* PBXTargetDependency */ = {
			isa = PBXTargetDependency;
			target = 3F68AD7C262AD4500020B8FC /* final_abdallah */;
			targetProxy = 3F68ADA4262AD45B0020B8FC /* PBXContainerItemProxy */;
		};
/* End PBXTargetDependency section */

/* Begin PBXVariantGroup section */
		3F68AD89262AD4500020B8FC /* Main.storyboard */ = {
			isa = PBXVariantGroup;
			children = (
				3F68AD8A262AD4500020B8FC /* Base */,
			);
			name = Main.storyboard;
			sourceTree = "<group>";
		};
		3F68AD8E262AD45B0020B8FC /* LaunchScreen.storyboard */ = {
			isa = PBXVariantGroup;
			children = (
				3F68AD8F262AD45B0020B8FC /* Base */,
			);
			name = LaunchScreen.storyboard;
			sourceTree = "<group>";
		};
/* End PBXVariantGroup section */

/* Begin XCBuildConfiguration section */
		3F68ADAA262AD45B0020B8FC /* Debug */ = {
			isa = XCBuildConfiguration;
			buildSettings = {
				ALWAYS_SEARCH_USER_PATHS = NO;
				CLANG_ANALYZER_NONNULL = YES;
				CLANG_ANALYZER_NUMBER_OBJECT_CONVERSION = YES_AGGRESSIVE;
				CLANG_CXX_LANGUAGE_STANDARD = "gnu++14";
				CLANG_CXX_LIBRARY = "libc++";
				CLANG_ENABLE_MODULES = YES;
				CLANG_ENABLE_OBJC_ARC = YES;
				CLANG_ENABLE_OBJC_WEAK = YES;
				CLANG_WARN_BLOCK_CAPTURE_AUTORELEASING = YES;
				CLANG_WARN_BOOL_CONVERSION = YES;
				CLANG_WARN_COMMA = YES;
				CLANG_WARN_CONSTANT_CONVERSION = YES;
				CLANG_WARN_DEPRECATED_OBJC_IMPLEMENTATIONS = YES;
				CLANG_WARN_DIRECT_OBJC_ISA_USAGE = YES_ERROR;
				CLANG_WARN_DOCUMENTATION_COMMENTS = YES;
				CLANG_WARN_EMPTY_BODY = YES;
				CLANG_WARN_ENUM_CONVERSION = YES;
				CLANG_WARN_INFINITE_RECURSION = YES;
				CLANG_WARN_INT_CONVERSION = YES;
				CLANG_WARN_NON_LITERAL_NULL_CONVERSION = YES;
				CLANG_WARN_OBJC_IMPLICIT_RETAIN_SELF = YES;
				CLANG_WARN_OBJC_LITERAL_CONVERSION = YES;
				CLANG_WARN_OBJC_ROOT_CLASS = YES_ERROR;
				CLANG_WARN_QUOTED_INCLUDE_IN_FRAMEWORK_HEADER = YES;
				CLANG_WARN_RANGE_LOOP_ANALYSIS = YES;
				CLANG_WARN_STRICT_PROTOTYPES = YES;
				CLANG_WARN_SUSPICIOUS_MOVE = YES;
				CLANG_WARN_UNGUARDED_AVAILABILITY = YES_AGGRESSIVE;
				CLANG_WARN_UNREACHABLE_CODE = YES;
				CLANG_WARN__DUPLICATE_METHOD_MATCH = YES;
				COPY_PHASE_STRIP = NO;
				DEBUG_INFORMATION_FORMAT = dwarf;
				ENABLE_STRICT_OBJC_MSGSEND = YES;
				ENABLE_TESTABILITY = YES;
				GCC_C_LANGUAGE_STANDARD = gnu11;
				GCC_DYNAMIC_NO_PIC = NO;
				GCC_NO_COMMON_BLOCKS = YES;
				GCC_OPTIMIZATION_LEVEL = 0;
				GCC_PREPROCESSOR_DEFINITIONS = (
					"DEBUG=1",
					"$(inherited)",
				);
				GCC_WARN_64_TO_32_BIT_CONVERSION = YES;
				GCC_WARN_ABOUT_RETURN_TYPE = YES_ERROR;
				GCC_WARN_UNDECLARED_SELECTOR = YES;
				GCC_WARN_UNINITIALIZED_AUTOS = YES_AGGRESSIVE;
				GCC_WARN_UNUSED_FUNCTION = YES;
				GCC_WARN_UNUSED_VARIABLE = YES;
				IPHONEOS_DEPLOYMENT_TARGET = 14.4;
				MTL_ENABLE_DEBUG_INFO = INCLUDE_SOURCE;
				MTL_FAST_MATH = YES;
				ONLY_ACTIVE_ARCH = YES;
				SDKROOT = iphoneos;
			};
			name = Debug;
		};
		3F68ADAB262AD45B0020B8FC /* Release */ = {
			isa = XCBuildConfiguration;
			buildSettings = {
				ALWAYS_SEARCH_USER_PATHS = NO;
				CLANG_ANALYZER_NONNULL = YES;
				CLANG_ANALYZER_NUMBER_OBJECT_CONVERSION = YES_AGGRESSIVE;
				CLANG_CXX_LANGUAGE_STANDARD = "gnu++14";
				CLANG_CXX_LIBRARY = "libc++";
				CLANG_ENABLE_MODULES = YES;
				CLANG_ENABLE_OBJC_ARC = YES;
				CLANG_ENABLE_OBJC_WEAK = YES;
				CLANG_WARN_BLOCK_CAPTURE_AUTORELEASING = YES;
				CLANG_WARN_BOOL_CONVERSION = YES;
				CLANG_WARN_COMMA = YES;
				CLANG_WARN_CONSTANT_CONVERSION = YES;
				CLANG_WARN_DEPRECATED_OBJC_IMPLEMENTATIONS = YES;
				CLANG_WARN_DIRECT_OBJC_ISA_USAGE = YES_ERROR;
				CLANG_WARN_DOCUMENTATION_COMMENTS = YES;
				CLANG_WARN_EMPTY_BODY = YES;
				CLANG_WARN_ENUM_CONVERSION = YES;
				CLANG_WARN_INFINITE_RECURSION = YES;
				CLANG_WARN_INT_CONVERSION = YES;
				CLANG_WARN_NON_LITERAL_NULL_CONVERSION = YES;
				CLANG_WARN_OBJC_IMPLICIT_RETAIN_SELF = YES;
				CLANG_WARN_OBJC_LITERAL_CONVERSION = YES;
				CLANG_WARN_OBJC_ROOT_CLASS = YES_ERROR;
				CLANG_WARN_QUOTED_INCLUDE_IN_FRAMEWORK_HEADER = YES;
				CLANG_WARN_RANGE_LOOP_ANALYSIS = YES;
				CLANG_WARN_STRICT_PROTOTYPES = YES;
				CLANG_WARN_SUSPICIOUS_MOVE = YES;
				CLANG_WARN_UNGUARDED_AVAILABILITY = YES_AGGRESSIVE;
				CLANG_WARN_UNREACHABLE_CODE = YES;
				CLANG_WARN__DUPLICATE_METHOD_MATCH = YES;
				COPY_PHASE_STRIP = NO;
				DEBUG_INFORMATION_FORMAT = "dwarf-with-dsym";
				ENABLE_NS_ASSERTIONS = NO;
				ENABLE_STRICT_OBJC_MSGSEND = YES;
				GCC_C_LANGUAGE_STANDARD = gnu11;
				GCC_NO_COMMON_BLOCKS = YES;
				GCC_WARN_64_TO_32_BIT_CONVERSION = YES;
				GCC_WARN_ABOUT_RETURN_TYPE = YES_ERROR;
				GCC_WARN_UNDECLARED_SELECTOR = YES;
				GCC_WARN_UNINITIALIZED_AUTOS = YES_AGGRESSIVE;
				GCC_WARN_UNUSED_FUNCTION = YES;
				GCC_WARN_UNUSED_VARIABLE = YES;
				IPHONEOS_DEPLOYMENT_TARGET = 14.4;
				MTL_ENABLE_DEBUG_INFO = NO;
				MTL_FAST_MATH = YES;
				SDKROOT = iphoneos;
				VALIDATE_PRODUCT = YES;
			};
			name = Release;
		};
		3F68ADAD262AD45B0020B8FC /* Debug */ = {
			isa = XCBuildConfiguration;
			buildSettings = {
				ASSETCATALOG_COMPILER_APPICON_NAME = AppIcon;
				ASSETCATALOG_COMPILER_GLOBAL_ACCENT_COLOR_NAME = AccentColor;
				CODE_SIGN_STYLE = Automatic;
				INFOPLIST_FILE = final_abdallah/Info.plist;
				IPHONEOS_DEPLOYMENT_TARGET = 13.0;
				LD_RUNPATH_SEARCH_PATHS = (
					"$(inherited)",
					"@executable_path/Frameworks",
				);
				PRODUCT_BUNDLE_IDENTIFIER = "edu.NNU.final-abdallah";
				PRODUCT_NAME = "$(TARGET_NAME)";
				TARGETED_DEVICE_FAMILY = "1,2";
			};
			name = Debug;
		};
		3F68ADAE262AD45B0020B8FC /* Release */ = {
			isa = XCBuildConfiguration;
			buildSettings = {
				ASSETCATALOG_COMPILER_APPICON_NAME = AppIcon;
				ASSETCATALOG_COMPILER_GLOBAL_ACCENT_COLOR_NAME = AccentColor;
				CODE_SIGN_STYLE = Automatic;
				INFOPLIST_FILE = final_abdallah/Info.plist;
				IPHONEOS_DEPLOYMENT_TARGET = 13.0;
				LD_RUNPATH_SEARCH_PATHS = (
					"$(inherited)",
					"@executable_path/Frameworks",
				);
				PRODUCT_BUNDLE_IDENTIFIER = "edu.NNU.final-abdallah";
				PRODUCT_NAME = "$(TARGET_NAME)";
				TARGETED_DEVICE_FAMILY = "1,2";
			};
			name = Release;
		};
		3F68ADB0262AD45B0020B8FC /* Debug */ = {
			isa = XCBuildConfiguration;
			buildSettings = {
				BUNDLE_LOADER = "$(TEST_HOST)";
				CODE_SIGN_STYLE = Automatic;
				INFOPLIST_FILE = final_abdallahTests/Info.plist;
				IPHONEOS_DEPLOYMENT_TARGET = 14.4;
				LD_RUNPATH_SEARCH_PATHS = (
					"$(inherited)",
					"@executable_path/Frameworks",
					"@loader_path/Frameworks",
				);
				PRODUCT_BUNDLE_IDENTIFIER = "edu.NNU.final-abdallahTests";
				PRODUCT_NAME = "$(TARGET_NAME)";
				TARGETED_DEVICE_FAMILY = "1,2";
				TEST_HOST = "$(BUILT_PRODUCTS_DIR)/final_abdallah.app/final_abdallah";
			};
			name = Debug;
		};
		3F68ADB1262AD45B0020B8FC /* Release */ = {
			isa = XCBuildConfiguration;
			buildSettings = {
				BUNDLE_LOADER = "$(TEST_HOST)";
				CODE_SIGN_STYLE = Automatic;
				INFOPLIST_FILE = final_abdallahTests/Info.plist;
				IPHONEOS_DEPLOYMENT_TARGET = 14.4;
				LD_RUNPATH_SEARCH_PATHS = (
					"$(inherited)",
					"@executable_path/Frameworks",
					"@loader_path/Frameworks",
				);
				PRODUCT_BUNDLE_IDENTIFIER = "edu.NNU.final-abdallahTests";
				PRODUCT_NAME = "$(TARGET_NAME)";
				TARGETED_DEVICE_FAMILY = "1,2";
				TEST_HOST = "$(BUILT_PRODUCTS_DIR)/final_abdallah.app/final_abdallah";
			};
			name = Release;
		};
		3F68ADB3262AD45B0020B8FC /* Debug */ = {
			isa = XCBuildConfiguration;
			buildSettings = {
				CODE_SIGN_STYLE = Automatic;
				INFOPLIST_FILE = final_abdallahUITests/Info.plist;
				LD_RUNPATH_SEARCH_PATHS = (
					"$(inherited)",
					"@executable_path/Frameworks",
					"@loader_path/Frameworks",
				);
				PRODUCT_BUNDLE_IDENTIFIER = "edu.NNU.final-abdallahUITests";
				PRODUCT_NAME = "$(TARGET_NAME)";
				TARGETED_DEVICE_FAMILY = "1,2";
				TEST_TARGET_NAME = final_abdallah;
			};
			name = Debug;
		};
		3F68ADB4262AD45B0020B8FC /* Release */ = {
			isa = XCBuildConfiguration;
			buildSettings = {
				CODE_SIGN_STYLE = Automatic;
				INFOPLIST_FILE = final_abdallahUITests/Info.plist;
				LD_RUNPATH_SEARCH_PATHS = (
					"$(inherited)",
					"@executable_path/Frameworks",
					"@loader_path/Frameworks",
				);
				PRODUCT_BUNDLE_IDENTIFIER = "edu.NNU.final-abdallahUITests";
				PRODUCT_NAME = "$(TARGET_NAME)";
				TARGETED_DEVICE_FAMILY = "1,2";
				TEST_TARGET_NAME = final_abdallah;
			};
			name = Release;
		};
/* End XCBuildConfiguration section */

/* Begin XCConfigurationList section */
		3F68AD78262AD4500020B8FC /* Build configuration list for PBXProject "final_abdallah" */ = {
			isa = XCConfigurationList;
			buildConfigurations = (
				3F68ADAA262AD45B0020B8FC /* Debug */,
				3F68ADAB262AD45B0020B8FC /* Release */,
			);
			defaultConfigurationIsVisible = 0;
			defaultConfigurationName = Release;
		};
		3F68ADAC262AD45B0020B8FC /* Build configuration list for PBXNativeTarget "final_abdallah" */ = {
			isa = XCConfigurationList;
			buildConfigurations = (
				3F68ADAD262AD45B0020B8FC /* Debug */,
				3F68ADAE262AD45B0020B8FC /* Release */,
			);
			defaultConfigurationIsVisible = 0;
			defaultConfigurationName = Release;
		};
		3F68ADAF262AD45B0020B8FC /* Build configuration list for PBXNativeTarget "final_abdallahTests" */ = {
			isa = XCConfigurationList;
			buildConfigurations = (
				3F68ADB0262AD45B0020B8FC /* Debug */,
				3F68ADB1262AD45B0020B8FC /* Release */,
			);
			defaultConfigurationIsVisible = 0;
			defaultConfigurationName = Release;
		};
		3F68ADB2262AD45B0020B8FC /* Build configuration list for PBXNativeTarget "final_abdallahUITests" */ = {
			isa = XCConfigurationList;
			buildConfigurations = (
				3F68ADB3262AD45B0020B8FC /* Debug */,
				3F68ADB4262AD45B0020B8FC /* Release */,
			);
			defaultConfigurationIsVisible = 0;
			defaultConfigurationName = Release;
		};
/* End XCConfigurationList section */
	};
	rootObject = 3F68AD75262AD4500020B8FC /* Project object */;
}
